<?xml version="1.0" encoding="UTF-8"?>
<CodeBlocks_project_file>
	<FileVersion major="1" minor="6"/>
	<Project>
		<Option title="NeuralKicker"/>
		<Option makefile_is_custom="1"/>
		<Option compiler="gcc"/>
		<Option virtualFolders="CMake Files\;CMake Files\cmake_modules\;"/>
		<Build>
			<Target title="all">
				<Option working_dir="/home/sebastian/CLionProjects/IntelliKick"/>
				<Option type="4"/>
				<MakeCommands>
					<Build command="/usr/bin/make -j8 -f &quot;/home/sebastian/CLionProjects/IntelliKick/Makefile&quot;  VERBOSE=1 all"/>
					<CompileFile command="/usr/bin/make -j8 -f &quot;/home/sebastian/CLionProjects/IntelliKick/Makefile&quot;  VERBOSE=1 &quot;$file&quot;"/>
					<Clean command="/usr/bin/make -j8 -f &quot;/home/sebastian/CLionProjects/IntelliKick/Makefile&quot;  VERBOSE=1 clean"/>
					<DistClean command="/usr/bin/make -j8 -f &quot;/home/sebastian/CLionProjects/IntelliKick/Makefile&quot;  VERBOSE=1 clean"/>
				</MakeCommands>
			</Target>
			<Target title="edit_cache">
				<Option working_dir="/home/sebastian/CLionProjects/IntelliKick"/>
				<Option type="4"/>
				<MakeCommands>
					<Build command="/usr/bin/make -j8 -f &quot;/home/sebastian/CLionProjects/IntelliKick/Makefile&quot;  VERBOSE=1 edit_cache"/>
					<CompileFile command="/usr/bin/make -j8 -f &quot;/home/sebastian/CLionProjects/IntelliKick/Makefile&quot;  VERBOSE=1 &quot;$file&quot;"/>
					<Clean command="/usr/bin/make -j8 -f &quot;/home/sebastian/CLionProjects/IntelliKick/Makefile&quot;  VERBOSE=1 clean"/>
					<DistClean command="/usr/bin/make -j8 -f &quot;/home/sebastian/CLionProjects/IntelliKick/Makefile&quot;  VERBOSE=1 clean"/>
				</MakeCommands>
			</Target>
			<Target title="rebuild_cache">
				<Option working_dir="/home/sebastian/CLionProjects/IntelliKick"/>
				<Option type="4"/>
				<MakeCommands>
					<Build command="/usr/bin/make -j8 -f &quot;/home/sebastian/CLionProjects/IntelliKick/Makefile&quot;  VERBOSE=1 rebuild_cache"/>
					<CompileFile command="/usr/bin/make -j8 -f &quot;/home/sebastian/CLionProjects/IntelliKick/Makefile&quot;  VERBOSE=1 &quot;$file&quot;"/>
					<Clean command="/usr/bin/make -j8 -f &quot;/home/sebastian/CLionProjects/IntelliKick/Makefile&quot;  VERBOSE=1 clean"/>
					<DistClean command="/usr/bin/make -j8 -f &quot;/home/sebastian/CLionProjects/IntelliKick/Makefile&quot;  VERBOSE=1 clean"/>
				</MakeCommands>
			</Target>
			<Target title="NeuralKicker">
				<Option output="/home/sebastian/CLionProjects/IntelliKick/NeuralKicker" prefix_auto="0" extension_auto="0"/>
				<Option working_dir="/home/sebastian/CLionProjects/IntelliKick"/>
				<Option object_output="./"/>
				<Option type="1"/>
				<Option compiler="gcc"/>
				<Compiler>
					<Add directory="/usr/include/c++/7"/>
					<Add directory="/usr/include/x86_64-linux-gnu/c++/7"/>
					<Add directory="/usr/include/c++/7/backward"/>
					<Add directory="/usr/lib/gcc/x86_64-linux-gnu/7/include"/>
					<Add directory="/usr/local/include"/>
					<Add directory="/usr/lib/gcc/x86_64-linux-gnu/7/include-fixed"/>
					<Add directory="/usr/include/x86_64-linux-gnu"/>
					<Add directory="/usr/include"/>
				</Compiler>
				<MakeCommands>
					<Build command="/usr/bin/make -j8 -f &quot;/home/sebastian/CLionProjects/IntelliKick/Makefile&quot;  VERBOSE=1 NeuralKicker"/>
					<CompileFile command="/usr/bin/make -j8 -f &quot;/home/sebastian/CLionProjects/IntelliKick/Makefile&quot;  VERBOSE=1 &quot;$file&quot;"/>
					<Clean command="/usr/bin/make -j8 -f &quot;/home/sebastian/CLionProjects/IntelliKick/Makefile&quot;  VERBOSE=1 clean"/>
					<DistClean command="/usr/bin/make -j8 -f &quot;/home/sebastian/CLionProjects/IntelliKick/Makefile&quot;  VERBOSE=1 clean"/>
				</MakeCommands>
			</Target>
			<Target title="NeuralKicker/fast">
				<Option output="/home/sebastian/CLionProjects/IntelliKick/NeuralKicker" prefix_auto="0" extension_auto="0"/>
				<Option working_dir="/home/sebastian/CLionProjects/IntelliKick"/>
				<Option object_output="./"/>
				<Option type="1"/>
				<Option compiler="gcc"/>
				<Compiler>
					<Add directory="/usr/include/c++/7"/>
					<Add directory="/usr/include/x86_64-linux-gnu/c++/7"/>
					<Add directory="/usr/include/c++/7/backward"/>
					<Add directory="/usr/lib/gcc/x86_64-linux-gnu/7/include"/>
					<Add directory="/usr/local/include"/>
					<Add directory="/usr/lib/gcc/x86_64-linux-gnu/7/include-fixed"/>
					<Add directory="/usr/include/x86_64-linux-gnu"/>
					<Add directory="/usr/include"/>
				</Compiler>
				<MakeCommands>
					<Build command="/usr/bin/make -j8 -f &quot;/home/sebastian/CLionProjects/IntelliKick/Makefile&quot;  VERBOSE=1 NeuralKicker/fast"/>
					<CompileFile command="/usr/bin/make -j8 -f &quot;/home/sebastian/CLionProjects/IntelliKick/Makefile&quot;  VERBOSE=1 &quot;$file&quot;"/>
					<Clean command="/usr/bin/make -j8 -f &quot;/home/sebastian/CLionProjects/IntelliKick/Makefile&quot;  VERBOSE=1 clean"/>
					<DistClean command="/usr/bin/make -j8 -f &quot;/home/sebastian/CLionProjects/IntelliKick/Makefile&quot;  VERBOSE=1 clean"/>
				</MakeCommands>
			</Target>
		</Build>
		<Unit filename="/home/sebastian/CLionProjects/IntelliKick/grapher.cpp">
			<Option target="NeuralKicker"/>
		</Unit>
		<Unit filename="/home/sebastian/CLionProjects/IntelliKick/grapher.h">
			<Option target="NeuralKicker"/>
		</Unit>
		<Unit filename="/home/sebastian/CLionProjects/IntelliKick/main.cpp">
			<Option target="NeuralKicker"/>
		</Unit>
		<Unit filename="/home/sebastian/CLionProjects/IntelliKick/main.h">
			<Option target="NeuralKicker"/>
		</Unit>
		<Unit filename="/home/sebastian/CLionProjects/IntelliKick/CMakeLists.txt">
			<Option virtualFolder="CMake Files\"/>
		</Unit>
		<Unit filename="/home/sebastian/CLionProjects/IntelliKick/cmake_modules/FindSFML.cmake">
			<Option virtualFolder="CMake Files\cmake_modules\"/>
		</Unit>
	</Project>
</CodeBlocks_project_file>
